// !$*UTF8*$!
{
	archiveVersion = 1;
	classes = {
	};
	objectVersion = 60;
	objects = {

/* Begin PBXBuildFile section */
		D00100000000000000000001 /* CodeForChordApp.swift in Sources */ = {isa = PBXBuildFile; fileRef = C00100000000000000000001 /* CodeForChordApp.swift */; };
		D00100000000000000000002 /* ContentView.swift in Sources */ = {isa = PBXBuildFile; fileRef = C00100000000000000000002 /* ContentView.swift */; };
		D00100000000000000000003 /* AppConfiguration.swift in Sources */ = {isa = PBXBuildFile; fileRef = C00100000000000000000003 /* AppConfiguration.swift */; };
		D00100000000000000000004 /* AppState.swift in Sources */ = {isa = PBXBuildFile; fileRef = C00100000000000000000004 /* AppState.swift */; };
		D00100000000000000000005 /* APIService.swift in Sources */ = {isa = PBXBuildFile; fileRef = C00100000000000000000005 /* APIService.swift */; };
		D00100000000000000000006 /* Models.swift in Sources */ = {isa = PBXBuildFile; fileRef = C00100000000000000000006 /* Models.swift */; };
		D00100000000000000000007 /* SettingsView.swift in Sources */ = {isa = PBXBuildFile; fileRef = C00100000000000000000007 /* SettingsView.swift */; };
		D00100000000000000000008 /* TabViews.swift in Sources */ = {isa = PBXBuildFile; fileRef = C00100000000000000000008 /* TabViews.swift */; };
		D00100000000000000000009 /* Assets.xcassets in Resources */ = {isa = PBXBuildFile; fileRef = C00100000000000000000010 /* Assets.xcassets */; };
/* End PBXBuildFile section */

/* Begin PBXFileReference section */
		C00100000000000000000001 /* CodeForChordApp.swift */ = {isa = PBXFileReference; lastKnownFileType = sourcecode.swift; path = CodeForChordApp.swift; sourceTree = "<group>"; };
		C00100000000000000000002 /* ContentView.swift */ = {isa = PBXFileReference; lastKnownFileType = sourcecode.swift; path = ContentView.swift; sourceTree = "<group>"; };
		C00100000000000000000003 /* AppConfiguration.swift */ = {isa = PBXFileReference; lastKnownFileType = sourcecode.swift; path = AppConfiguration.swift; sourceTree = "<group>"; };
		C00100000000000000000004 /* AppState.swift */ = {isa = PBXFileReference; lastKnownFileType = sourcecode.swift; path = AppState.swift; sourceTree = "<group>"; };
		C00100000000000000000005 /* APIService.swift */ = {isa = PBXFileReference; lastKnownFileType = sourcecode.swift; path = APIService.swift; sourceTree = "<group>"; };
		C00100000000000000000006 /* Models.swift */ = {isa = PBXFileReference; lastKnownFileType = sourcecode.swift; path = Models.swift; sourceTree = "<group>"; };
		C00100000000000000000007 /* SettingsView.swift */ = {isa = PBXFileReference; lastKnownFileType = sourcecode.swift; path = SettingsView.swift; sourceTree = "<group>"; };
		C00100000000000000000008 /* TabViews.swift */ = {isa = PBXFileReference; lastKnownFileType = sourcecode.swift; path = TabViews.swift; sourceTree = "<group>"; };
		C00100000000000000000009 /* Info.plist */ = {isa = PBXFileReference; lastKnownFileType = text.plist.xml; path = Info.plist; sourceTree = "<group>"; };
		C00100000000000000000010 /* Assets.xcassets */ = {isa = PBXFileReference; lastKnownFileType = folder.assetcatalog; path = Assets.xcassets; sourceTree = "<group>"; };
		C00100000000000000000011 /* CodeForChord.app */ = {isa = PBXFileReference; explicitFileType = wrapper.application; includeInIndex = 0; path = CodeForChord.app; sourceTree = BUILT_PRODUCTS_DIR; };
/* End PBXFileReference section */

/* Begin PBXFrameworksBuildPhase section */
		F00100000000000000000001 /* Frameworks */ = {
			isa = PBXFrameworksBuildPhase;
			buildActionMask = 2147483647;
			files = (
			);
			runOnlyForDeploymentPostprocessing = 0;
		};
/* End PBXFrameworksBuildPhase section */

/* Begin PBXGroup section */
		G00100000000000000000001 = {
			isa = PBXGroup;
			children = (
				G00100000000000000000002 /* CodeForChord */,
				G00100000000000000000003 /* Products */,
			);
			sourceTree = "<group>";
		};
		G00100000000000000000002 /* CodeForChord */ = {
			isa = PBXGroup;
			children = (
				C00100000000000000000001 /* CodeForChordApp.swift */,
				C00100000000000000000002 /* ContentView.swift */,
				C00100000000000000000003 /* AppConfiguration.swift */,
				C00100000000000000000004 /* AppState.swift */,
				C00100000000000000000005 /* APIService.swift */,
				C00100000000000000000006 /* Models.swift */,
				C00100000000000000000007 /* SettingsView.swift */,
				C00100000000000000000008 /* TabViews.swift */,
				C00100000000000000000009 /* Info.plist */,
				C00100000000000000000010 /* Assets.xcassets */,
			);
			path = CodeForChord;
			sourceTree = "<group>";
		};
		G00100000000000000000003 /* Products */ = {
			isa = PBXGroup;
			children = (
				C00100000000000000000011 /* CodeForChord.app */,
			);
			name = Products;
			sourceTree = "<group>";
		};
/* End PBXGroup section */

/* Begin PBXNativeTarget section */
		T00100000000000000000001 /* CodeForChord */ = {
			isa = PBXNativeTarget;
			buildConfigurationList = TC0100000000000000000001 /* Build configuration list for PBXNativeTarget "CodeForChord" */;
			buildPhases = (
				S00100000000000000000001 /* Sources */,
				F00100000000000000000001 /* Frameworks */,
				R00100000000000000000001 /* Resources */,
			);
			buildRules = (
			);
			dependencies = (
			);
			name = CodeForChord;
			productName = CodeForChord;
			productReference = C00100000000000000000011 /* CodeForChord.app */;
			productType = "com.apple.product-type.application";
		};
/* End PBXNativeTarget section */

/* Begin PBXProject section */
		P00100000000000000000001 /* Project object */ = {
			isa = PBXProject;
			attributes = {
				BuildIndependentTargetsInParallel = 1;
				LastSwiftUpdateCheck = 1500;
				LastUpgradeCheck = 1500;
				TargetAttributes = {
					T00100000000000000000001 = {
						CreatedOnToolsVersion = 15.0;
					};
				};
			};
			buildConfigurationList = PC0100000000000000000001 /* Build configuration list for PBXProject "CodeForChord" */;
			compatibilityVersion = "Xcode 15.0";
			developmentRegion = en;
			hasScannedForEncodings = 0;
			knownRegions = (
				en,
				Base,
			);
			mainGroup = G00100000000000000000001;
			productRefGroup = G00100000000000000000003 /* Products */;
			projectDirPath = "";
			projectRoot = "";
			targets = (
				T00100000000000000000001 /* CodeForChord */,
			);
		};
/* End PBXProject section */

/* Begin PBXResourcesBuildPhase section */
		R00100000000000000000001 /* Resources */ = {
			isa = PBXResourcesBuildPhase;
			buildActionMask = 2147483647;
			files = (
				D00100000000000000000009 /* Assets.xcassets in Resources */,
			);
			runOnlyForDeploymentPostprocessing = 0;
		};
/* End PBXResourcesBuildPhase section */

/* Begin PBXSourcesBuildPhase section */
		S00100000000000000000001 /* Sources */ = {
			isa = PBXSourcesBuildPhase;
			buildActionMask = 2147483647;
			files = (
				D00100000000000000000001 /* CodeForChordApp.swift in Sources */,
				D00100000000000000000002 /* ContentView.swift in Sources */,
				D00100000000000000000003 /* AppConfiguration.swift in Sources */,
				D00100000000000000000004 /* AppState.swift in Sources */,
				D00100000000000000000005 /* APIService.swift in Sources */,
				D00100000000000000000006 /* Models.swift in Sources */,
				D00100000000000000000007 /* SettingsView.swift in Sources */,
				D00100000000000000000008 /* TabViews.swift in Sources */,
			);
			runOnlyForDeploymentPostprocessing = 0;
		};
/* End PBXSourcesBuildPhase section */

/* Begin XCBuildConfiguration section */
		PD01000000000000000000001 /* Debug */ = {
			isa = XCBuildConfiguration;
			buildSettings = {
				ALWAYS_SEARCH_USER_PATHS = NO;
				CLANG_ANALYZER_NONNULL = YES;
				CLANG_ENABLE_MODULES = YES;
				COPY_PHASE_STRIP = NO;
				DEBUG_INFORMATION_FORMAT = dwarf;
				ENABLE_STRICT_OBJC_MSGSEND = YES;
				ENABLE_TESTABILITY = YES;
				GCC_DYNAMIC_NO_PIC = NO;
				GCC_OPTIMIZATION_LEVEL = 0;
				GCC_PREPROCESSOR_DEFINITIONS = (
					"DEBUG=1",
					"$(inherited)",
				);
				IPHONEOS_DEPLOYMENT_TARGET = 16.0;
				MTL_ENABLE_DEBUG_INFO = INCLUDE_SOURCE;
				ONLY_ACTIVE_ARCH = YES;
				SDKROOT = iphoneos;
				SWIFT_ACTIVE_COMPILATION_CONDITIONS = DEBUG;
				SWIFT_OPTIMIZATION_LEVEL = "-Onone";
			};
			name = Debug;
		};
		PR01000000000000000000001 /* Release */ = {
			isa = XCBuildConfiguration;
			buildSettings = {
				ALWAYS_SEARCH_USER_PATHS = NO;
				CLANG_ANALYZER_NONNULL = YES;
				CLANG_ENABLE_MODULES = YES;
				COPY_PHASE_STRIP = NO;
				DEBUG_INFORMATION_FORMAT = "dwarf-with-dsym";
				ENABLE_NS_ASSERTIONS = NO;
				ENABLE_STRICT_OBJC_MSGSEND = YES;
				GCC_OPTIMIZATION_LEVEL = s;
				IPHONEOS_DEPLOYMENT_TARGET = 16.0;
				MTL_ENABLE_DEBUG_INFO = NO;
				SDKROOT = iphoneos;
				SWIFT_COMPILATION_MODE = wholemodule;
				VALIDATE_PRODUCT = YES;
			};
			name = Release;
		};
		TD01000000000000000000001 /* Debug */ = {
			isa = XCBuildConfiguration;
			buildSettings = {
				ASSETCATALOG_COMPILER_GLOBAL_ACCENT_COLOR_NAME = AccentColor;
				CODE_SIGN_STYLE = Automatic;
				CURRENT_PROJECT_VERSION = 1;
				DEVELOPMENT_TEAM = "";
				ENABLE_PREVIEWS = YES;
				GENERATE_INFOPLIST_FILE = NO;
				INFOPLIST_FILE = CodeForChord/Info.plist;
				INFOPLIST_KEY_CFBundleDisplayName = CodeForChord;
				INFOPLIST_KEY_LSApplicationCategoryType = "public.app-category.music";
				LD_RUNPATH_SEARCH_PATHS = (
					"$(inherited)",
					"@executable_path/Frameworks",
				);
				MARKETING_VERSION = 1.0;
				PRODUCT_BUNDLE_IDENTIFIER = com.codeforchord.CodeForChord;
				PRODUCT_NAME = "$(TARGET_NAME)";
				SUPPORTED_PLATFORMS = "iphoneos iphonesimulator";
				SUPPORTS_MACCATALYST = NO;
				SWIFT_EMIT_LOC_STRINGS = YES;
				SWIFT_VERSION = 5.0;
				TARGETED_DEVICE_FAMILY = "1,2";
			};
			name = Debug;
		};
		TR01000000000000000000001 /* Release */ = {
			isa = XCBuildConfiguration;
			buildSettings = {
				ASSETCATALOG_COMPILER_GLOBAL_ACCENT_COLOR_NAME = AccentColor;
				CODE_SIGN_STYLE = Automatic;
				CURRENT_PROJECT_VERSION = 1;
				DEVELOPMENT_TEAM = "";
				ENABLE_PREVIEWS = YES;
				GENERATE_INFOPLIST_FILE = NO;
				INFOPLIST_FILE = CodeForChord/Info.plist;
				INFOPLIST_KEY_CFBundleDisplayName = CodeForChord;
				INFOPLIST_KEY_LSApplicationCategoryType = "public.app-category.music";
				LD_RUNPATH_SEARCH_PATHS = (
					"$(inherited)",
					"@executable_path/Frameworks",
				);
				MARKETING_VERSION = 1.0;
				PRODUCT_BUNDLE_IDENTIFIER = com.codeforchord.CodeForChord;
				PRODUCT_NAME = "$(TARGET_NAME)";
				SUPPORTED_PLATFORMS = "iphoneos iphonesimulator";
				SUPPORTS_MACCATALYST = NO;
				SWIFT_EMIT_LOC_STRINGS = YES;
				SWIFT_VERSION = 5.0;
				TARGETED_DEVICE_FAMILY = "1,2";
			};
			name = Release;
		};
/* End XCBuildConfiguration section */

/* Begin XCConfigurationList section */
		PC0100000000000000000001 /* Build configuration list for PBXProject "CodeForChord" */ = {
			isa = XCConfigurationList;
			buildConfigurations = (
				PD01000000000000000000001 /* Debug */,
				PR01000000000000000000001 /* Release */,
			);
			defaultConfigurationIsVisible = 0;
			defaultConfigurationName = Release;
		};
		TC0100000000000000000001 /* Build configuration list for PBXNativeTarget "CodeForChord" */ = {
			isa = XCConfigurationList;
			buildConfigurations = (
				TD01000000000000000000001 /* Debug */,
				TR01000000000000000000001 /* Release */,
			);
			defaultConfigurationIsVisible = 0;
			defaultConfigurationName = Release;
		};
/* End XCConfigurationList section */
	};
	rootObject = P00100000000000000000001 /* Project object */;
}
